# This file is automatically @generated by Cargo.
# It is not intended for manual editing.
version = 3

[[package]]
name = "hook-playground"
version = "0.1.0"
dependencies = [
 "windows",
]

[[package]]
name = "proc-macro2"
version = "1.0.92"
source = "registry+https://github.com/rust-lang/crates.io-index"
checksum = "37d3544b3f2748c54e147655edb5025752e2303145b5aefb3c3ea2c78b973bb0"
dependencies = [
 "unicode-ident",
]

[[package]]
name = "quote"
version = "1.0.37"
source = "registry+https://github.com/rust-lang/crates.io-index"
checksum = "b5b9d34b8991d19d98081b46eacdd8eb58c6f2b201139f7c5f643cc155a633af"
dependencies = [
 "proc-macro2",
]

[[package]]
name = "syn"
version = "2.0.90"
source = "registry+https://github.com/rust-lang/crates.io-index"
checksum = "919d3b74a5dd0ccd15aeb8f93e7006bd9e14c295087c9896a110f490752bcf31"
dependencies = [
 "proc-macro2",
 "quote",
 "unicode-ident",
]

[[package]]
name = "unicode-ident"
version = "1.0.14"
source = "registry+https://github.com/rust-lang/crates.io-index"
checksum = "adb9e6ca4f869e1180728b7950e35922a7fc6397f7b641499e8f3ef06e50dc83"

[[package]]
name = "windows"
version = "0.58.0"
source = "git+https://github.com/microsoft/windows-rs#273dcede4bb3c55c31d8b1ea5cb36f7297a42607"
dependencies = [
 "windows-core",
 "windows-targets",
]

[[package]]
name = "windows-core"
version = "0.58.0"
source = "git+https://github.com/microsoft/windows-rs#273dcede4bb3c55c31d8b1ea5cb36f7297a42607"
dependencies = [
 "windows-implement",
 "windows-interface",
 "windows-result",
 "windows-strings",
 "windows-targets",
]

[[package]]
name = "windows-implement"
version = "0.58.0"
source = "git+https://github.com/microsoft/windows-rs#273dcede4bb3c55c31d8b1ea5cb36f7297a42607"
dependencies = [
 "proc-macro2",
 "quote",
 "syn",
]

[[package]]
name = "windows-interface"
version = "0.58.0"
source = "git+https://github.com/microsoft/windows-rs#273dcede4bb3c55c31d8b1ea5cb36f7297a42607"
dependencies = [
 "proc-macro2",
 "quote",
 "syn",
]

[[package]]
name = "windows-result"
version = "0.2.0"
source = "git+https://github.com/microsoft/windows-rs#273dcede4bb3c55c31d8b1ea5cb36f7297a42607"
dependencies = [
 "windows-targets",
]

[[package]]
name = "windows-strings"
version = "0.2.0"
source = "git+https://github.com/microsoft/windows-rs#273dcede4bb3c55c31d8b1ea5cb36f7297a42607"
dependencies = [
 "windows-targets",
]

[[package]]
name = "windows-targets"
version = "0.52.6"
source = "git+https://github.com/microsoft/windows-rs#273dcede4bb3c55c31d8b1ea5cb36f7297a42607"
dependencies = [
 "windows_aarch64_gnullvm",
 "windows_aarch64_msvc",
 "windows_i686_gnu",
 "windows_i686_gnullvm",
 "windows_i686_msvc",
 "windows_x86_64_gnu",
 "windows_x86_64_gnullvm",
 "windows_x86_64_msvc",
]

[[package]]
name = "windows_aarch64_gnullvm"
version = "0.52.6"
source = "git+https://github.com/microsoft/windows-rs#273dcede4bb3c55c31d8b1ea5cb36f7297a42607"

[[package]]
name = "windows_aarch64_msvc"
version = "0.52.6"
source = "git+https://github.com/microsoft/windows-rs#273dcede4bb3c55c31d8b1ea5cb36f7297a42607"

[[package]]
name = "windows_i686_gnu"
version = "0.52.6"
source = "git+https://github.com/microsoft/windows-rs#273dcede4bb3c55c31d8b1ea5cb36f7297a42607"

[[package]]
name = "windows_i686_gnullvm"
version = "0.52.6"
source = "git+https://github.com/microsoft/windows-rs#273dcede4bb3c55c31d8b1ea5cb36f7297a42607"

[[package]]
name = "windows_i686_msvc"
version = "0.52.6"
source = "git+https://github.com/microsoft/windows-rs#273dcede4bb3c55c31d8b1ea5cb36f7297a42607"

[[package]]
name = "windows_x86_64_gnu"
version = "0.52.6"
source = "git+https://github.com/microsoft/windows-rs#273dcede4bb3c55c31d8b1ea5cb36f7297a42607"

[[package]]
name = "windows_x86_64_gnullvm"
version = "0.52.6"
source = "git+https://github.com/microsoft/windows-rs#273dcede4bb3c55c31d8b1ea5cb36f7297a42607"

[[package]]
name = "windows_x86_64_msvc"
version = "0.52.6"
source = "git+https://github.com/microsoft/windows-rs#273dcede4bb3c55c31d8b1ea5cb36f7297a42607"
